github.com/anon55555/mt v0.0.0-20210919124550-bcc58cb3048f h1:tZU8VPYLyRrG3Lj9zBZvTVF5tUGciC/2aUIgTcU4WaM=
github.com/anon55555/mt v0.0.0-20210919124550-bcc58cb3048f/go.mod h1:jH4ER+ahjl7H6TczzK+q4V9sXY++U2Geh6/vt3r4Xvs=
github.com/kr/logfmt v0.0.0-20210122060352-19f9bcb100e6 h1:ZK1mH67KVyVW/zOLu0xLva+f6xJ8vt+LGrkQq5FJYLY=
github.com/kr/logfmt v0.0.0-20210122060352-19f9bcb100e6/go.mod h1:JIiJcj9TX57tEvCXjm6eaHd2ce4pZZf9wzYuThq45u8=
